
Microsoft Visual Studio Solution File, Format Version 12.00
# Visual Studio Version 16
VisualStudioVersion = 16.0.31112.23
MinimumVisualStudioVersion = 10.0.40219.1
Project("{FAE04EC0-301F-11D3-BF4B-00C04F79EFBC}") = "Serialization", "Serialization\Serialization.csproj", "{9FAB7A04-E7FA-4AF1-B23F-CD0A55C0DC56}"
EndProject
Project("{FAE04EC0-301F-11D3-BF4B-00C04F79EFBC}") = "Serialization.Domain", "Serialization.Domain\Serialization.Domain.csproj", "{EF56A47B-EE58-4AE1-B888-C0FB84D8CE7E}"
EndProject
Project("{FAE04EC0-301F-11D3-BF4B-00C04F79EFBC}") = "Serializer", "Serializer\Serializer.csproj", "{84F5DE12-F5EB-4460-802D-43C310791F13}"
EndProject
Global
	GlobalSection(SolutionConfigurationPlatforms) = preSolution
		Debug|Any CPU = Debug|Any CPU
		Release|Any CPU = Release|Any CPU
	EndGlobalSection
	GlobalSection(ProjectConfigurationPlatforms) = postSolution
		{9FAB7A04-E7FA-4AF1-B23F-CD0A55C0DC56}.Debug|Any CPU.ActiveCfg = Debug|Any CPU
		{9FAB7A04-E7FA-4AF1-B23F-CD0A55C0DC56}.Debug|Any CPU.Build.0 = Debug|Any CPU
		{9FAB7A04-E7FA-4AF1-B23F-CD0A55C0DC56}.Release|Any CPU.ActiveCfg = Release|Any CPU
		{9FAB7A04-E7FA-4AF1-B23F-CD0A55C0DC56}.Release|Any CPU.Build.0 = Release|Any CPU
		{EF56A47B-EE58-4AE1-B888-C0FB84D8CE7E}.Debug|Any CPU.ActiveCfg = Debug|Any CPU
		{EF56A47B-EE58-4AE1-B888-C0FB84D8CE7E}.Debug|Any CPU.Build.0 = Debug|Any CPU
		{EF56A47B-EE58-4AE1-B888-C0FB84D8CE7E}.Release|Any CPU.ActiveCfg = Release|Any CPU
		{EF56A47B-EE58-4AE1-B888-C0FB84D8CE7E}.Release|Any CPU.Build.0 = Release|Any CPU
		{84F5DE12-F5EB-4460-802D-43C310791F13}.Debug|Any CPU.ActiveCfg = Debug|Any CPU
		{84F5DE12-F5EB-4460-802D-43C310791F13}.Debug|Any CPU.Build.0 = Debug|Any CPU
		{84F5DE12-F5EB-4460-802D-43C310791F13}.Release|Any CPU.ActiveCfg = Release|Any CPU
		{84F5DE12-F5EB-4460-802D-43C310791F13}.Release|Any CPU.Build.0 = Release|Any CPU
	EndGlobalSection
	GlobalSection(SolutionProperties) = preSolution
		HideSolutionNode = FALSE
	EndGlobalSection
	GlobalSection(ExtensibilityGlobals) = postSolution
		SolutionGuid = {03385C11-654D-4CC1-995B-9D8DC597B831}
	EndGlobalSection
EndGlobal
