
Microsoft Visual Studio Solution File, Format Version 12.00
# Visual Studio Version 16
VisualStudioVersion = 16.0.31112.23
MinimumVisualStudioVersion = 10.0.40219.1
Project("{FAE04EC0-301F-11D3-BF4B-00C04F79EFBC}") = "Integral", "Integral\Integral.csproj", "{299DDDBB-36A2-4254-A960-49439E6F7813}"
EndProject
Project("{FAE04EC0-301F-11D3-BF4B-00C04F79EFBC}") = "Calculating", "Calculating\Calculating.csproj", "{F4D39F25-F035-4BB4-AA62-0584BE29A3A1}"
EndProject
Global
	GlobalSection(SolutionConfigurationPlatforms) = preSolution
		Debug|Any CPU = Debug|Any CPU
		Release|Any CPU = Release|Any CPU
	EndGlobalSection
	GlobalSection(ProjectConfigurationPlatforms) = postSolution
		{299DDDBB-36A2-4254-A960-49439E6F7813}.Debug|Any CPU.ActiveCfg = Debug|Any CPU
		{299DDDBB-36A2-4254-A960-49439E6F7813}.Debug|Any CPU.Build.0 = Debug|Any CPU
		{299DDDBB-36A2-4254-A960-49439E6F7813}.Release|Any CPU.ActiveCfg = Release|Any CPU
		{299DDDBB-36A2-4254-A960-49439E6F7813}.Release|Any CPU.Build.0 = Release|Any CPU
		{F4D39F25-F035-4BB4-AA62-0584BE29A3A1}.Debug|Any CPU.ActiveCfg = Debug|Any CPU
		{F4D39F25-F035-4BB4-AA62-0584BE29A3A1}.Debug|Any CPU.Build.0 = Debug|Any CPU
		{F4D39F25-F035-4BB4-AA62-0584BE29A3A1}.Release|Any CPU.ActiveCfg = Release|Any CPU
		{F4D39F25-F035-4BB4-AA62-0584BE29A3A1}.Release|Any CPU.Build.0 = Release|Any CPU
	EndGlobalSection
	GlobalSection(SolutionProperties) = preSolution
		HideSolutionNode = FALSE
	EndGlobalSection
	GlobalSection(ExtensibilityGlobals) = postSolution
		SolutionGuid = {B0390D69-ACB2-4439-89D3-53475621818F}
	EndGlobalSection
EndGlobal
